
Microsoft Visual Studio Solution File, Format Version 12.00
# Visual Studio Version 17
VisualStudioVersion = 17.7.34202.233
MinimumVisualStudioVersion = 10.0.40219.1
Project("{FAE04EC0-301F-11D3-BF4B-00C04F79EFBC}") = "ASE Assignment", "ASE Assignment\ASE Assignment.csproj", "{2052F6A3-E7A4-41C0-84A2-992556890039}"
EndProject
Global
	GlobalSection(SolutionConfigurationPlatforms) = preSolution
		Debug|Any CPU = Debug|Any CPU
		Release|Any CPU = Release|Any CPU
	EndGlobalSection
	GlobalSection(ProjectConfigurationPlatforms) = postSolution
		{2052F6A3-E7A4-41C0-84A2-992556890039}.Debug|Any CPU.ActiveCfg = Debug|Any CPU
		{2052F6A3-E7A4-41C0-84A2-992556890039}.Debug|Any CPU.Build.0 = Debug|Any CPU
		{2052F6A3-E7A4-41C0-84A2-992556890039}.Release|Any CPU.ActiveCfg = Release|Any CPU
		{2052F6A3-E7A4-41C0-84A2-992556890039}.Release|Any CPU.Build.0 = Release|Any CPU
	EndGlobalSection
	GlobalSection(SolutionProperties) = preSolution
		HideSolutionNode = FALSE
	EndGlobalSection
	GlobalSection(ExtensibilityGlobals) = postSolution
		SolutionGuid = {8308FEFA-1AD9-485B-A1FD-E68FDBB64609}
	EndGlobalSection
EndGlobal
